// !$*UTF8*$!
{
	archiveVersion = 1;
	classes = {
	};
	objectVersion = 46;
	objects = {

/* Begin PBXBuildFile section */
		C1A4DFBA1ECB713B0042B5E8 /* main.m in Sources */ = {isa = PBXBuildFile; fileRef = C1A4DFB91ECB713B0042B5E8 /* main.m */; };
		C1A4DFBD1ECB713B0042B5E8 /* AppDelegate.m in Sources */ = {isa = PBXBuildFile; fileRef = C1A4DFBC1ECB713B0042B5E8 /* AppDelegate.m */; };
		C1A4DFC01ECB713B0042B5E8 /* ViewController.m in Sources */ = {isa = PBXBuildFile; fileRef = C1A4DFBF1ECB713B0042B5E8 /* ViewController.m */; };
		C1A4DFC31ECB713B0042B5E8 /* Main.storyboard in Resources */ = {isa = PBXBuildFile; fileRef = C1A4DFC11ECB713B0042B5E8 /* Main.storyboard */; };
		C1A4DFC51ECB713B0042B5E8 /* Assets.xcassets in Resources */ = {isa = PBXBuildFile; fileRef = C1A4DFC41ECB713B0042B5E8 /* Assets.xcassets */; };
		C1A4DFC81ECB713B0042B5E8 /* LaunchScreen.storyboard in Resources */ = {isa = PBXBuildFile; fileRef = C1A4DFC61ECB713B0042B5E8 /* LaunchScreen.storyboard */; };
/* End PBXBuildFile section */

/* Begin PBXFileReference section */
		C1A4DFB51ECB713B0042B5E8 /* Obj-C-CoreBluetooth-Peripheral.app */ = {isa = PBXFileReference; explicitFileType = wrapper.application; includeInIndex = 0; path = "Obj-C-CoreBluetooth-Peripheral.app"; sourceTree = BUILT_PRODUCTS_DIR; };
		C1A4DFB91ECB713B0042B5E8 /* main.m */ = {isa = PBXFileReference; lastKnownFileType = sourcecode.c.objc; path = main.m; sourceTree = "<group>"; };
		C1A4DFBB1ECB713B0042B5E8 /* AppDelegate.h */ = {isa = PBXFileReference; lastKnownFileType = sourcecode.c.h; path = AppDelegate.h; sourceTree = "<group>"; };
		C1A4DFBC1ECB713B0042B5E8 /* AppDelegate.m */ = {isa = PBXFileReference; lastKnownFileType = sourcecode.c.objc; path = AppDelegate.m; sourceTree = "<group>"; };
		C1A4DFBE1ECB713B0042B5E8 /* ViewController.h */ = {isa = PBXFileReference; lastKnownFileType = sourcecode.c.h; path = ViewController.h; sourceTree = "<group>"; };
		C1A4DFBF1ECB713B0042B5E8 /* ViewController.m */ = {isa = PBXFileReference; lastKnownFileType = sourcecode.c.objc; path = ViewController.m; sourceTree = "<group>"; };
		C1A4DFC21ECB713B0042B5E8 /* Base */ = {isa = PBXFileReference; lastKnownFileType = file.storyboard; name = Base; path = Base.lproj/Main.storyboard; sourceTree = "<group>"; };
		C1A4DFC41ECB713B0042B5E8 /* Assets.xcassets */ = {isa = PBXFileReference; lastKnownFileType = folder.assetcatalog; path = Assets.xcassets; sourceTree = "<group>"; };
		C1A4DFC71ECB713B0042B5E8 /* Base */ = {isa = PBXFileReference; lastKnownFileType = file.storyboard; name = Base; path = Base.lproj/LaunchScreen.storyboard; sourceTree = "<group>"; };
		C1A4DFC91ECB713B0042B5E8 /* Info.plist */ = {isa = PBXFileReference; lastKnownFileType = text.plist.xml; path = Info.plist; sourceTree = "<group>"; };
/* End PBXFileReference section */

/* Begin PBXFrameworksBuildPhase section */
		C1A4DFB21ECB713B0042B5E8 /* Frameworks */ = {
			isa = PBXFrameworksBuildPhase;
			buildActionMask = 2147483647;
			files = (
			);
			runOnlyForDeploymentPostprocessing = 0;
		};
/* End PBXFrameworksBuildPhase section */

/* Begin PBXGroup section */
		C1A4DFAC1ECB713B0042B5E8 = {
			isa = PBXGroup;
			children = (
				C1A4DFB71ECB713B0042B5E8 /* Obj-C-CoreBluetooth-Peripheral */,
				C1A4DFB61ECB713B0042B5E8 /* Products */,
			);
			sourceTree = "<group>";
		};
		C1A4DFB61ECB713B0042B5E8 /* Products */ = {
			isa = PBXGroup;
			children = (
				C1A4DFB51ECB713B0042B5E8 /* Obj-C-CoreBluetooth-Peripheral.app */,
			);
			name = Products;
			sourceTree = "<group>";
		};
		C1A4DFB71ECB713B0042B5E8 /* Obj-C-CoreBluetooth-Peripheral */ = {
			isa = PBXGroup;
			children = (
				C1A4DFBB1ECB713B0042B5E8 /* AppDelegate.h */,
				C1A4DFBC1ECB713B0042B5E8 /* AppDelegate.m */,
				C1A4DFBE1ECB713B0042B5E8 /* ViewController.h */,
				C1A4DFBF1ECB713B0042B5E8 /* ViewController.m */,
				C1A4DFC11ECB713B0042B5E8 /* Main.storyboard */,
				C1A4DFC41ECB713B0042B5E8 /* Assets.xcassets */,
				C1A4DFC61ECB713B0042B5E8 /* LaunchScreen.storyboard */,
				C1A4DFC91ECB713B0042B5E8 /* Info.plist */,
				C1A4DFB81ECB713B0042B5E8 /* Supporting Files */,
			);
			path = "Obj-C-CoreBluetooth-Peripheral";
			sourceTree = "<group>";
		};
		C1A4DFB81ECB713B0042B5E8 /* Supporting Files */ = {
			isa = PBXGroup;
			children = (
				C1A4DFB91ECB713B0042B5E8 /* main.m */,
			);
			name = "Supporting Files";
			sourceTree = "<group>";
		};
/* End PBXGroup section */

/* Begin PBXNativeTarget section */
		C1A4DFB41ECB713B0042B5E8 /* Obj-C-CoreBluetooth-Peripheral */ = {
			isa = PBXNativeTarget;
			buildConfigurationList = C1A4DFCC1ECB713B0042B5E8 /* Build configuration list for PBXNativeTarget "Obj-C-CoreBluetooth-Peripheral" */;
			buildPhases = (
				C1A4DFB11ECB713B0042B5E8 /* Sources */,
				C1A4DFB21ECB713B0042B5E8 /* Frameworks */,
				C1A4DFB31ECB713B0042B5E8 /* Resources */,
			);
			buildRules = (
			);
			dependencies = (
			);
			name = "Obj-C-CoreBluetooth-Peripheral";
			productName = "Obj-C-CoreBluetooth-Peripheral";
			productReference = C1A4DFB51ECB713B0042B5E8 /* Obj-C-CoreBluetooth-Peripheral.app */;
			productType = "com.apple.product-type.application";
		};
/* End PBXNativeTarget section */

/* Begin PBXProject section */
		C1A4DFAD1ECB713B0042B5E8 /* Project object */ = {
			isa = PBXProject;
			attributes = {
				LastUpgradeCheck = 0830;
				ORGANIZATIONNAME = "Christopher Moore";
				TargetAttributes = {
					C1A4DFB41ECB713B0042B5E8 = {
						CreatedOnToolsVersion = 8.3.2;
						ProvisioningStyle = Automatic;
					};
				};
			};
			buildConfigurationList = C1A4DFB01ECB713B0042B5E8 /* Build configuration list for PBXProject "Obj-C-CoreBluetooth-Peripheral" */;
			compatibilityVersion = "Xcode 3.2";
			developmentRegion = English;
			hasScannedForEncodings = 0;
			knownRegions = (
				en,
				Base,
			);
			mainGroup = C1A4DFAC1ECB713B0042B5E8;
			productRefGroup = C1A4DFB61ECB713B0042B5E8 /* Products */;
			projectDirPath = "";
			projectRoot = "";
			targets = (
				C1A4DFB41ECB713B0042B5E8 /* Obj-C-CoreBluetooth-Peripheral */,
			);
		};
/* End PBXProject section */

/* Begin PBXResourcesBuildPhase section */
		C1A4DFB31ECB713B0042B5E8 /* Resources */ = {
			isa = PBXResourcesBuildPhase;
			buildActionMask = 2147483647;
			files = (
				C1A4DFC81ECB713B0042B5E8 /* LaunchScreen.storyboard in Resources */,
				C1A4DFC51ECB713B0042B5E8 /* Assets.xcassets in Resources */,
				C1A4DFC31ECB713B0042B5E8 /* Main.storyboard in Resources */,
			);
			runOnlyForDeploymentPostprocessing = 0;
		};
/* End PBXResourcesBuildPhase section */

/* Begin PBXSourcesBuildPhase section */
		C1A4DFB11ECB713B0042B5E8 /* Sources */ = {
			isa = PBXSourcesBuildPhase;
			buildActionMask = 2147483647;
			files = (
				C1A4DFC01ECB713B0042B5E8 /* ViewController.m in Sources */,
				C1A4DFBD1ECB713B0042B5E8 /* AppDelegate.m in Sources */,
				C1A4DFBA1ECB713B0042B5E8 /* main.m in Sources */,
			);
			runOnlyForDeploymentPostprocessing = 0;
		};
/* End PBXSourcesBuildPhase section */

/* Begin PBXVariantGroup section */
		C1A4DFC11ECB713B0042B5E8 /* Main.storyboard */ = {
			isa = PBXVariantGroup;
			children = (
				C1A4DFC21ECB713B0042B5E8 /* Base */,
			);
			name = Main.storyboard;
			sourceTree = "<group>";
		};
		C1A4DFC61ECB713B0042B5E8 /* LaunchScreen.storyboard */ = {
			isa = PBXVariantGroup;
			children = (
				C1A4DFC71ECB713B0042B5E8 /* Base */,
			);
			name = LaunchScreen.storyboard;
			sourceTree = "<group>";
		};
/* End PBXVariantGroup section */

/* Begin XCBuildConfiguration section */
		C1A4DFCA1ECB713B0042B5E8 /* Debug */ = {
			isa = XCBuildConfiguration;
			buildSettings = {
				ALWAYS_SEARCH_USER_PATHS = NO;
				CLANG_ANALYZER_NONNULL = YES;
				CLANG_ANALYZER_NUMBER_OBJECT_CONVERSION = YES_AGGRESSIVE;
				CLANG_CXX_LANGUAGE_STANDARD = "gnu++0x";
				CLANG_CXX_LIBRARY = "libc++";
				CLANG_ENABLE_MODULES = YES;
				CLANG_ENABLE_OBJC_ARC = YES;
				CLANG_WARN_BOOL_CONVERSION = YES;
				CLANG_WARN_CONSTANT_CONVERSION = YES;
				CLANG_WARN_DIRECT_OBJC_ISA_USAGE = YES_ERROR;
				CLANG_WARN_DOCUMENTATION_COMMENTS = YES;
				CLANG_WARN_EMPTY_BODY = YES;
				CLANG_WARN_ENUM_CONVERSION = YES;
				CLANG_WARN_INFINITE_RECURSION = YES;
				CLANG_WARN_INT_CONVERSION = YES;
				CLANG_WARN_OBJC_ROOT_CLASS = YES_ERROR;
				CLANG_WARN_SUSPICIOUS_MOVE = YES;
				CLANG_WARN_UNREACHABLE_CODE = YES;
				CLANG_WARN__DUPLICATE_METHOD_MATCH = YES;
				"CODE_SIGN_IDENTITY[sdk=iphoneos*]" = "iPhone Developer";
				COPY_PHASE_STRIP = NO;
				DEBUG_INFORMATION_FORMAT = dwarf;
				ENABLE_STRICT_OBJC_MSGSEND = YES;
				ENABLE_TESTABILITY = YES;
				GCC_C_LANGUAGE_STANDARD = gnu99;
				GCC_DYNAMIC_NO_PIC = NO;
				GCC_NO_COMMON_BLOCKS = YES;
				GCC_OPTIMIZATION_LEVEL = 0;
				GCC_PREPROCESSOR_DEFINITIONS = (
					"DEBUG=1",
					"$(inherited)",
				);
				GCC_WARN_64_TO_32_BIT_CONVERSION = YES;
				GCC_WARN_ABOUT_RETURN_TYPE = YES_ERROR;
				GCC_WARN_UNDECLARED_SELECTOR = YES;
				GCC_WARN_UNINITIALIZED_AUTOS = YES_AGGRESSIVE;
				GCC_WARN_UNUSED_FUNCTION = YES;
				GCC_WARN_UNUSED_VARIABLE = YES;
				IPHONEOS_DEPLOYMENT_TARGET = 10.3;
				MTL_ENABLE_DEBUG_INFO = YES;
				ONLY_ACTIVE_ARCH = YES;
				SDKROOT = iphoneos;
			};
			name = Debug;
		};
		C1A4DFCB1ECB713B0042B5E8 /* Release */ = {
			isa = XCBuildConfiguration;
			buildSettings = {
				ALWAYS_SEARCH_USER_PATHS = NO;
				CLANG_ANALYZER_NONNULL = YES;
				CLANG_ANALYZER_NUMBER_OBJECT_CONVERSION = YES_AGGRESSIVE;
				CLANG_CXX_LANGUAGE_STANDARD = "gnu++0x";
				CLANG_CXX_LIBRARY = "libc++";
				CLANG_ENABLE_MODULES = YES;
				CLANG_ENABLE_OBJC_ARC = YES;
				CLANG_WARN_BOOL_CONVERSION = YES;
				CLANG_WARN_CONSTANT_CONVERSION = YES;
				CLANG_WARN_DIRECT_OBJC_ISA_USAGE = YES_ERROR;
				CLANG_WARN_DOCUMENTATION_COMMENTS = YES;
				CLANG_WARN_EMPTY_BODY = YES;
				CLANG_WARN_ENUM_CONVERSION = YES;
				CLANG_WARN_INFINITE_RECURSION = YES;
				CLANG_WARN_INT_CONVERSION = YES;
				CLANG_WARN_OBJC_ROOT_CLASS = YES_ERROR;
				CLANG_WARN_SUSPICIOUS_MOVE = YES;
				CLANG_WARN_UNREACHABLE_CODE = YES;
				CLANG_WARN__DUPLICATE_METHOD_MATCH = YES;
				"CODE_SIGN_IDENTITY[sdk=iphoneos*]" = "iPhone Developer";
				COPY_PHASE_STRIP = NO;
				DEBUG_INFORMATION_FORMAT = "dwarf-with-dsym";
				ENABLE_NS_ASSERTIONS = NO;
				ENABLE_STRICT_OBJC_MSGSEND = YES;
				GCC_C_LANGUAGE_STANDARD = gnu99;
				GCC_NO_COMMON_BLOCKS = YES;
				GCC_WARN_64_TO_32_BIT_CONVERSION = YES;
				GCC_WARN_ABOUT_RETURN_TYPE = YES_ERROR;
				GCC_WARN_UNDECLARED_SELECTOR = YES;
				GCC_WARN_UNINITIALIZED_AUTOS = YES_AGGRESSIVE;
				GCC_WARN_UNUSED_FUNCTION = YES;
				GCC_WARN_UNUSED_VARIABLE = YES;
				IPHONEOS_DEPLOYMENT_TARGET = 10.3;
				MTL_ENABLE_DEBUG_INFO = NO;
				SDKROOT = iphoneos;
				VALIDATE_PRODUCT = YES;
			};
			name = Release;
		};
		C1A4DFCD1ECB713B0042B5E8 /* Debug */ = {
			isa = XCBuildConfiguration;
			buildSettings = {
				ASSETCATALOG_COMPILER_APPICON_NAME = AppIcon;
				INFOPLIST_FILE = "Obj-C-CoreBluetooth-Peripheral/Info.plist";
				LD_RUNPATH_SEARCH_PATHS = "$(inherited) @executable_path/Frameworks";
				PRODUCT_BUNDLE_IDENTIFIER = "christopherkmoore.Obj-C-CoreBluetooth-Peripheral";
				PRODUCT_NAME = "$(TARGET_NAME)";
			};
			name = Debug;
		};
		C1A4DFCE1ECB713B0042B5E8 /* Release */ = {
			isa = XCBuildConfiguration;
			buildSettings = {
				ASSETCATALOG_COMPILER_APPICON_NAME = AppIcon;
				INFOPLIST_FILE = "Obj-C-CoreBluetooth-Peripheral/Info.plist";
				LD_RUNPATH_SEARCH_PATHS = "$(inherited) @executable_path/Frameworks";
				PRODUCT_BUNDLE_IDENTIFIER = "christopherkmoore.Obj-C-CoreBluetooth-Peripheral";
				PRODUCT_NAME = "$(TARGET_NAME)";
			};
			name = Release;
		};
/* End XCBuildConfiguration section */

/* Begin XCConfigurationList section */
		C1A4DFB01ECB713B0042B5E8 /* Build configuration list for PBXProject "Obj-C-CoreBluetooth-Peripheral" */ = {
			isa = XCConfigurationList;
			buildConfigurations = (
				C1A4DFCA1ECB713B0042B5E8 /* Debug */,
				C1A4DFCB1ECB713B0042B5E8 /* Release */,
			);
			defaultConfigurationIsVisible = 0;
			defaultConfigurationName = Release;
		};
		C1A4DFCC1ECB713B0042B5E8 /* Build configuration list for PBXNativeTarget "Obj-C-CoreBluetooth-Peripheral" */ = {
			isa = XCConfigurationList;
			buildConfigurations = (
				C1A4DFCD1ECB713B0042B5E8 /* Debug */,
				C1A4DFCE1ECB713B0042B5E8 /* Release */,
			);
			defaultConfigurationIsVisible = 0;
		};
/* End XCConfigurationList section */
	};
	rootObject = C1A4DFAD1ECB713B0042B5E8 /* Project object */;
}
